
Microsoft Visual Studio Solution File, Format Version 12.00
# Visual Studio Version 17
VisualStudioVersion = 17.9.34607.119
MinimumVisualStudioVersion = 10.0.40219.1
Project("{FAE04EC0-301F-11D3-BF4B-00C04F79EFBC}") = "Backend-Memoria", "Backend-Memoria\Backend-Memoria.csproj", "{C20AEAC3-6CC9-49EC-9669-B8AB38CFA44C}"
EndProject
Global
	GlobalSection(SolutionConfigurationPlatforms) = preSolution
		Debug|Any CPU = Debug|Any CPU
		Release|Any CPU = Release|Any CPU
	EndGlobalSection
	GlobalSection(ProjectConfigurationPlatforms) = postSolution
		{C20AEAC3-6CC9-49EC-9669-B8AB38CFA44C}.Debug|Any CPU.ActiveCfg = Debug|Any CPU
		{C20AEAC3-6CC9-49EC-9669-B8AB38CFA44C}.Debug|Any CPU.Build.0 = Debug|Any CPU
		{C20AEAC3-6CC9-49EC-9669-B8AB38CFA44C}.Release|Any CPU.ActiveCfg = Release|Any CPU
		{C20AEAC3-6CC9-49EC-9669-B8AB38CFA44C}.Release|Any CPU.Build.0 = Release|Any CPU
	EndGlobalSection
	GlobalSection(SolutionProperties) = preSolution
		HideSolutionNode = FALSE
	EndGlobalSection
	GlobalSection(ExtensibilityGlobals) = postSolution
		SolutionGuid = {6A4BCC87-E6BD-4FD2-B005-15E612D8126C}
	EndGlobalSection
EndGlobal
